
Microsoft Visual Studio Solution File, Format Version 12.00
# Visual Studio Version 17
VisualStudioVersion = 17.10.35027.167
MinimumVisualStudioVersion = 10.0.40219.1
Project("{9A19103F-16F7-4668-BE54-9A1E7A4F7556}") = "ShortUrlWebAPI", "ShortUrlWebAPI.csproj", "{12818343-CA1B-4605-A708-7E0E17E65C64}"
EndProject
Project("{9A19103F-16F7-4668-BE54-9A1E7A4F7556}") = "SharedModels", "..\SharedModels\SharedModels.csproj", "{632DCEBE-8B2E-4D7A-BA95-7E3C6372888C}"
EndProject
Global
	GlobalSection(SolutionConfigurationPlatforms) = preSolution
		Debug|Any CPU = Debug|Any CPU
		Release|Any CPU = Release|Any CPU
	EndGlobalSection
	GlobalSection(ProjectConfigurationPlatforms) = postSolution
		{12818343-CA1B-4605-A708-7E0E17E65C64}.Debug|Any CPU.ActiveCfg = Debug|Any CPU
		{12818343-CA1B-4605-A708-7E0E17E65C64}.Debug|Any CPU.Build.0 = Debug|Any CPU
		{12818343-CA1B-4605-A708-7E0E17E65C64}.Release|Any CPU.ActiveCfg = Release|Any CPU
		{12818343-CA1B-4605-A708-7E0E17E65C64}.Release|Any CPU.Build.0 = Release|Any CPU
		{632DCEBE-8B2E-4D7A-BA95-7E3C6372888C}.Debug|Any CPU.ActiveCfg = Debug|Any CPU
		{632DCEBE-8B2E-4D7A-BA95-7E3C6372888C}.Debug|Any CPU.Build.0 = Debug|Any CPU
		{632DCEBE-8B2E-4D7A-BA95-7E3C6372888C}.Release|Any CPU.ActiveCfg = Release|Any CPU
		{632DCEBE-8B2E-4D7A-BA95-7E3C6372888C}.Release|Any CPU.Build.0 = Release|Any CPU
	EndGlobalSection
	GlobalSection(SolutionProperties) = preSolution
		HideSolutionNode = FALSE
	EndGlobalSection
	GlobalSection(ExtensibilityGlobals) = postSolution
		SolutionGuid = {51BE755E-B5E2-4EE7-9933-0D991F939F70}
	EndGlobalSection
EndGlobal
